
Microsoft Visual Studio Solution File, Format Version 12.00
# Visual Studio Version 16
VisualStudioVersion = 16.0.29403.142
MinimumVisualStudioVersion = 10.0.40219.1
Project("{FAE04EC0-301F-11D3-BF4B-00C04F79EFBC}") = "TippuvatPalikat", "TippuvatPalikat.csproj", "{45638FCB-07B6-445D-A7A7-2A55D628BA7C}"
EndProject
Global
	GlobalSection(SolutionConfigurationPlatforms) = preSolution
		Debug|Any CPU = Debug|Any CPU
		Release|Any CPU = Release|Any CPU
	EndGlobalSection
	GlobalSection(ProjectConfigurationPlatforms) = postSolution
		{45638FCB-07B6-445D-A7A7-2A55D628BA7C}.Debug|Any CPU.ActiveCfg = Debug|Any CPU
		{45638FCB-07B6-445D-A7A7-2A55D628BA7C}.Debug|Any CPU.Build.0 = Debug|Any CPU
		{45638FCB-07B6-445D-A7A7-2A55D628BA7C}.Debug|Any CPU.Deploy.0 = Debug|Any CPU
		{45638FCB-07B6-445D-A7A7-2A55D628BA7C}.Release|Any CPU.ActiveCfg = Release|Any CPU
		{45638FCB-07B6-445D-A7A7-2A55D628BA7C}.Release|Any CPU.Build.0 = Release|Any CPU
		{45638FCB-07B6-445D-A7A7-2A55D628BA7C}.Release|Any CPU.Deploy.0 = Release|Any CPU
	EndGlobalSection
	GlobalSection(SolutionProperties) = preSolution
		HideSolutionNode = FALSE
	EndGlobalSection
	GlobalSection(ExtensibilityGlobals) = postSolution
		SolutionGuid = {965EBB7E-DBA8-4D87-A019-B1F8CCAD2590}
	EndGlobalSection
EndGlobal
